PODS:
  - async_preferences (0.0.1):
    - Flutter
  - Flutter (1.0.0)

DEPENDENCIES:
  - async_preferences (from `.symlinks/plugins/async_preferences/ios`)
  - Flutter (from `Flutter`)

EXTERNAL SOURCES:
  async_preferences:
    :path: ".symlinks/plugins/async_preferences/ios"
  Flutter:
    :path: Flutter

SPEC CHECKSUMS:
  async_preferences: f3268e3d74e9fa7cae14b53be5ba23a4f657a7a1
  Flutter: e0871f40cf51350855a761d2e70bf5af5b9b5de7

PODFILE CHECKSUM: 04497cb8886d24b58fdd741bb008f233935e54e2

COCOAPODS: 1.15.2
