PODS:
  - async_preferences (0.0.1):
    - Flutter
  - Flutter (1.0.0)

DEPENDENCIES:
  - async_preferences (from `.symlinks/plugins/async_preferences/ios`)
  - Flutter (from `Flutter`)

EXTERNAL SOURCES:
  async_preferences:
    :path: ".symlinks/plugins/async_preferences/ios"
  Flutter:
    :path: Flutter

SPEC CHECKSUMS:
  async_preferences: f3268e3d74e9fa7cae14b53be5ba23a4f657a7a1
  Flutter: 434fef37c0980e73bb6479ef766c45957d4b510c

PODFILE CHECKSUM: de2120689bd64c50778c43ebcd6de450aa1587e0

COCOAPODS: 1.10.1
